{
  "originHash" : "052d3a4022da7283cba14775c1280e4a803f7668cec527806ba354a4d2d8e419",
  "pins" : [
    {
      "identity" : "jxpagingview",
      "kind" : "remoteSourceControl",
      "location" : "https://github.com/pujiaxin33/JXPagingView.git",
      "state" : {
        "revision" : "a55dd07adfa9729677e2287943af5aa40f5df31f",
        "version" : "2.1.3"
      }
    },
    {
      "identity" : "pythonkit",
      "kind" : "remoteSourceControl",
      "location" : "https://github.com/pvieito/PythonKit.git",
      "state" : {
        "branch" : "master",
        "revision" : "43647b36cacb99558e57ef98e97ef598f91d1164"
      }
    }
  ],
  "version" : 3
}
