{
  "originHash" : "db0e88bc0576f55d55b8b8c94c26cfc43d790755f012e4aad2b3a27dee400554",
  "pins" : [
    {
      "identity" : "jxpagingview",
      "kind" : "remoteSourceControl",
      "location" : "https://github.com/pujiaxin33/JXPagingView.git",
      "state" : {
        "revision" : "a55dd07adfa9729677e2287943af5aa40f5df31f",
        "version" : "2.1.3"
      }
    },
    {
      "identity" : "pythonkit",
      "kind" : "remoteSourceControl",
      "location" : "https://github.com/pvieito/PythonKit.git",
      "state" : {
        "branch" : "master",
        "revision" : "43647b36cacb99558e57ef98e97ef598f91d1164"
      }
    },
    {
      "identity" : "snapkit",
      "kind" : "remoteSourceControl",
      "location" : "https://github.com/SnapKit/SnapKit.git",
      "state" : {
        "revision" : "2842e6e84e82eb9a8dac0100ca90d9444b0307f4",
        "version" : "5.7.1"
      }
    }
  ],
  "version" : 3
}
